
Microsoft Visual Studio Solution File, Format Version 12.00
# Visual Studio Version 17
VisualStudioVersion = 17.7.34031.279
MinimumVisualStudioVersion = 10.0.40219.1
Project("{8BC9CEB8-8B4A-11D0-8D11-00A0C91BC942}") = "Massive", "Massive\Massive.vcxproj", "{8DA0764A-B5E2-4952-916A-60C4D657EE91}"
EndProject
Global
	GlobalSection(SolutionConfigurationPlatforms) = preSolution
		Debug|x64 = Debug|x64
		Debug|x86 = Debug|x86
		Release|x64 = Release|x64
		Release|x86 = Release|x86
	EndGlobalSection
	GlobalSection(ProjectConfigurationPlatforms) = postSolution
		{8DA0764A-B5E2-4952-916A-60C4D657EE91}.Debug|x64.ActiveCfg = Debug|x64
		{8DA0764A-B5E2-4952-916A-60C4D657EE91}.Debug|x64.Build.0 = Debug|x64
		{8DA0764A-B5E2-4952-916A-60C4D657EE91}.Debug|x86.ActiveCfg = Debug|Win32
		{8DA0764A-B5E2-4952-916A-60C4D657EE91}.Debug|x86.Build.0 = Debug|Win32
		{8DA0764A-B5E2-4952-916A-60C4D657EE91}.Release|x64.ActiveCfg = Release|x64
		{8DA0764A-B5E2-4952-916A-60C4D657EE91}.Release|x64.Build.0 = Release|x64
		{8DA0764A-B5E2-4952-916A-60C4D657EE91}.Release|x86.ActiveCfg = Release|Win32
		{8DA0764A-B5E2-4952-916A-60C4D657EE91}.Release|x86.Build.0 = Release|Win32
	EndGlobalSection
	GlobalSection(SolutionProperties) = preSolution
		HideSolutionNode = FALSE
	EndGlobalSection
	GlobalSection(ExtensibilityGlobals) = postSolution
		SolutionGuid = {0A7A92C8-6B02-4FC5-9A8D-C644A1268704}
	EndGlobalSection
EndGlobal
